// !$*UTF8*$!
{
	archiveVersion = 1;
	classes = {
	};
	objectVersion = 56;
	objects = {

/* Begin PBXBuildFile section */
		CB455DBC2A41A28A005F9002 /* WebService.swift in Sources */ = {isa = PBXBuildFile; fileRef = CB455DBB2A41A28A005F9002 /* WebService.swift */; };
		CB455DBE2A41A29B005F9002 /* NewsService.swift in Sources */ = {isa = PBXBuildFile; fileRef = CB455DBD2A41A29B005F9002 /* NewsService.swift */; };
		CB455DC12A41A2C5005F9002 /* Endpoint.swift in Sources */ = {isa = PBXBuildFile; fileRef = CB455DC02A41A2C5005F9002 /* Endpoint.swift */; };
		CB455DC32A41A2DD005F9002 /* NewsListEndpoint.swift in Sources */ = {isa = PBXBuildFile; fileRef = CB455DC22A41A2DD005F9002 /* NewsListEndpoint.swift */; };
		CB455DC62A41A2F6005F9002 /* NewsListQuery.swift in Sources */ = {isa = PBXBuildFile; fileRef = CB455DC52A41A2F6005F9002 /* NewsListQuery.swift */; };
		CB455DC92A41A33D005F9002 /* HTTPMethod.swift in Sources */ = {isa = PBXBuildFile; fileRef = CB455DC82A41A33D005F9002 /* HTTPMethod.swift */; };
		CB455DCC2A41A354005F9002 /* NetworkError.swift in Sources */ = {isa = PBXBuildFile; fileRef = CB455DCB2A41A354005F9002 /* NetworkError.swift */; };
		CB455DCF2A41A372005F9002 /* Log.swift in Sources */ = {isa = PBXBuildFile; fileRef = CB455DCE2A41A372005F9002 /* Log.swift */; };
		CB455DD12A41A39B005F9002 /* NewsModel.swift in Sources */ = {isa = PBXBuildFile; fileRef = CB455DD02A41A39B005F9002 /* NewsModel.swift */; };
		CB455DD42A41A3C9005F9002 /* Constants.swift in Sources */ = {isa = PBXBuildFile; fileRef = CB455DD32A41A3C9005F9002 /* Constants.swift */; };
		CB455DDD2A41A44E005F9002 /* String+Extensions.swift in Sources */ = {isa = PBXBuildFile; fileRef = CB455DD62A41A44E005F9002 /* String+Extensions.swift */; };
		CB455DDE2A41A44E005F9002 /* RangeReplaceableCollection+Extensions.swift in Sources */ = {isa = PBXBuildFile; fileRef = CB455DD72A41A44E005F9002 /* RangeReplaceableCollection+Extensions.swift */; };
		CB455DDF2A41A44E005F9002 /* JSONDecoder+Extensions.swift in Sources */ = {isa = PBXBuildFile; fileRef = CB455DD82A41A44E005F9002 /* JSONDecoder+Extensions.swift */; };
		CB455DE02A41A44E005F9002 /* View + Extensions.swift in Sources */ = {isa = PBXBuildFile; fileRef = CB455DD92A41A44E005F9002 /* View + Extensions.swift */; };
		CB455DE12A41A44E005F9002 /* URL+Extensions.swift in Sources */ = {isa = PBXBuildFile; fileRef = CB455DDA2A41A44E005F9002 /* URL+Extensions.swift */; };
		CB455DE22A41A44E005F9002 /* URLResponse+Extensions.swift in Sources */ = {isa = PBXBuildFile; fileRef = CB455DDB2A41A44E005F9002 /* URLResponse+Extensions.swift */; };
		CB455DE32A41A44E005F9002 /* Data+Extensions.swift in Sources */ = {isa = PBXBuildFile; fileRef = CB455DDC2A41A44E005F9002 /* Data+Extensions.swift */; };
		CB455DE62A41A471005F9002 /* ViewDidLoadModifier.swift in Sources */ = {isa = PBXBuildFile; fileRef = CB455DE52A41A471005F9002 /* ViewDidLoadModifier.swift */; };
		CB455DE82A41A544005F9002 /* NewsModelPreview.swift in Sources */ = {isa = PBXBuildFile; fileRef = CB455DE72A41A544005F9002 /* NewsModelPreview.swift */; };
		CB455DEA2A41A562005F9002 /* NewsDetailModelPreview.swift in Sources */ = {isa = PBXBuildFile; fileRef = CB455DE92A41A562005F9002 /* NewsDetailModelPreview.swift */; };
		CB455DED2A41A5FE005F9002 /* NewsListDataHelper.swift in Sources */ = {isa = PBXBuildFile; fileRef = CB455DEC2A41A5FE005F9002 /* NewsListDataHelper.swift */; };
		CB455DF02A41A6B2005F9002 /* NewsCellView.swift in Sources */ = {isa = PBXBuildFile; fileRef = CB455DEF2A41A6B2005F9002 /* NewsCellView.swift */; };
		CB455DF22A41A6D8005F9002 /* ImageView.swift in Sources */ = {isa = PBXBuildFile; fileRef = CB455DF12A41A6D8005F9002 /* ImageView.swift */; };
		CB455DF52A41A6FB005F9002 /* CacheAsyncImage.swift in Sources */ = {isa = PBXBuildFile; fileRef = CB455DF42A41A6FB005F9002 /* CacheAsyncImage.swift */; };
		CB455DF72A41A72B005F9002 /* PublishedDateView.swift in Sources */ = {isa = PBXBuildFile; fileRef = CB455DF62A41A72B005F9002 /* PublishedDateView.swift */; };
		CB455DF92A41A7AA005F9002 /* ListLoadingView.swift in Sources */ = {isa = PBXBuildFile; fileRef = CB455DF82A41A7AA005F9002 /* ListLoadingView.swift */; };
		CB455DFB2A41A7E5005F9002 /* EmptyListMessageView.swift in Sources */ = {isa = PBXBuildFile; fileRef = CB455DFA2A41A7E5005F9002 /* EmptyListMessageView.swift */; };
		CB455DFD2A41AA0B005F9002 /* DateTests.swift in Sources */ = {isa = PBXBuildFile; fileRef = CB455DFC2A41AA0B005F9002 /* DateTests.swift */; };
		CB455DFE2A41AA32005F9002 /* String+Extensions.swift in Sources */ = {isa = PBXBuildFile; fileRef = CB455DD62A41A44E005F9002 /* String+Extensions.swift */; };
		CB455E012A41AAAA005F9002 /* NewsResponse.json in Resources */ = {isa = PBXBuildFile; fileRef = CB455E002A41AAAA005F9002 /* NewsResponse.json */; };
		CB455E022A41AB33005F9002 /* NewsResponse.json in Resources */ = {isa = PBXBuildFile; fileRef = CB455E002A41AAAA005F9002 /* NewsResponse.json */; };
		CB455E042A41AB58005F9002 /* NewsEmptyResponse.json in Resources */ = {isa = PBXBuildFile; fileRef = CB455E032A41AB58005F9002 /* NewsEmptyResponse.json */; };
		CB455E052A41AB58005F9002 /* NewsEmptyResponse.json in Resources */ = {isa = PBXBuildFile; fileRef = CB455E032A41AB58005F9002 /* NewsEmptyResponse.json */; };
		CB455E082A41AD40005F9002 /* MockURLProtocol.swift in Sources */ = {isa = PBXBuildFile; fileRef = CB455E062A41AD40005F9002 /* MockURLProtocol.swift */; };
		CB455E0A2A41ADB6005F9002 /* WebServiceTests.swift in Sources */ = {isa = PBXBuildFile; fileRef = CB455E092A41ADB6005F9002 /* WebServiceTests.swift */; };
		CB455E0B2A41AEA0005F9002 /* NetworkError.swift in Sources */ = {isa = PBXBuildFile; fileRef = CB455DCB2A41A354005F9002 /* NetworkError.swift */; };
		CBF6B48C2A40D47C003D2124 /* ErplyAssignmentApp.swift in Sources */ = {isa = PBXBuildFile; fileRef = CBF6B48B2A40D47C003D2124 /* ErplyAssignmentApp.swift */; };
		CBF6B4902A40D47D003D2124 /* Assets.xcassets in Resources */ = {isa = PBXBuildFile; fileRef = CBF6B48F2A40D47D003D2124 /* Assets.xcassets */; };
		CBF6B4932A40D47D003D2124 /* Preview Assets.xcassets in Resources */ = {isa = PBXBuildFile; fileRef = CBF6B4922A40D47D003D2124 /* Preview Assets.xcassets */; };
		CBF6B49D2A40D47D003D2124 /* ErplyAssignmentTests.swift in Sources */ = {isa = PBXBuildFile; fileRef = CBF6B49C2A40D47D003D2124 /* ErplyAssignmentTests.swift */; };
		CBF6B4A72A40D47D003D2124 /* ErplyAssignmentUITests.swift in Sources */ = {isa = PBXBuildFile; fileRef = CBF6B4A62A40D47D003D2124 /* ErplyAssignmentUITests.swift */; };
		CBF6B4A92A40D47D003D2124 /* ErplyAssignmentUITestsLaunchTests.swift in Sources */ = {isa = PBXBuildFile; fileRef = CBF6B4A82A40D47D003D2124 /* ErplyAssignmentUITestsLaunchTests.swift */; };
		CBF6B4C02A40D748003D2124 /* AppFlowScreen.swift in Sources */ = {isa = PBXBuildFile; fileRef = CBF6B4BF2A40D748003D2124 /* AppFlowScreen.swift */; };
		CBF6B4C32A40D7BA003D2124 /* AppFlowManager.swift in Sources */ = {isa = PBXBuildFile; fileRef = CBF6B4C22A40D7BA003D2124 /* AppFlowManager.swift */; };
		CBF6B4D12A40D9D6003D2124 /* NewsScreen.swift in Sources */ = {isa = PBXBuildFile; fileRef = CBF6B4D02A40D9D6003D2124 /* NewsScreen.swift */; };
		CBF6B4D32A40D9DD003D2124 /* NewsDetailScreen.swift in Sources */ = {isa = PBXBuildFile; fileRef = CBF6B4D22A40D9DD003D2124 /* NewsDetailScreen.swift */; };
		CBF6B4D62A40DAA4003D2124 /* LoginScreen.swift in Sources */ = {isa = PBXBuildFile; fileRef = CBF6B4D52A40DAA4003D2124 /* LoginScreen.swift */; };
		CBF6B4D92A40DBBF003D2124 /* UserDefaultsStorage.swift in Sources */ = {isa = PBXBuildFile; fileRef = CBF6B4D82A40DBBF003D2124 /* UserDefaultsStorage.swift */; };
		CBF6B4DB2A40E66C003D2124 /* LoginViewModel.swift in Sources */ = {isa = PBXBuildFile; fileRef = CBF6B4DA2A40E66C003D2124 /* LoginViewModel.swift */; };
		CBF6B4DD2A40EE5F003D2124 /* NewsViewModel.swift in Sources */ = {isa = PBXBuildFile; fileRef = CBF6B4DC2A40EE5F003D2124 /* NewsViewModel.swift */; };
/* End PBXBuildFile section */

/* Begin PBXContainerItemProxy section */
		CBF6B4992A40D47D003D2124 /* PBXContainerItemProxy */ = {
			isa = PBXContainerItemProxy;
			containerPortal = CBF6B4802A40D47C003D2124 /* Project object */;
			proxyType = 1;
			remoteGlobalIDString = CBF6B4872A40D47C003D2124;
			remoteInfo = ErplyAssignment;
		};
		CBF6B4A32A40D47D003D2124 /* PBXContainerItemProxy */ = {
			isa = PBXContainerItemProxy;
			containerPortal = CBF6B4802A40D47C003D2124 /* Project object */;
			proxyType = 1;
			remoteGlobalIDString = CBF6B4872A40D47C003D2124;
			remoteInfo = ErplyAssignment;
		};
/* End PBXContainerItemProxy section */

/* Begin PBXFileReference section */
		CB455DBB2A41A28A005F9002 /* WebService.swift */ = {isa = PBXFileReference; lastKnownFileType = sourcecode.swift; path = WebService.swift; sourceTree = "<group>"; };
		CB455DBD2A41A29B005F9002 /* NewsService.swift */ = {isa = PBXFileReference; lastKnownFileType = sourcecode.swift; path = NewsService.swift; sourceTree = "<group>"; };
		CB455DC02A41A2C5005F9002 /* Endpoint.swift */ = {isa = PBXFileReference; lastKnownFileType = sourcecode.swift; path = Endpoint.swift; sourceTree = "<group>"; };
		CB455DC22A41A2DD005F9002 /* NewsListEndpoint.swift */ = {isa = PBXFileReference; lastKnownFileType = sourcecode.swift; path = NewsListEndpoint.swift; sourceTree = "<group>"; };
		CB455DC52A41A2F6005F9002 /* NewsListQuery.swift */ = {isa = PBXFileReference; lastKnownFileType = sourcecode.swift; path = NewsListQuery.swift; sourceTree = "<group>"; };
		CB455DC82A41A33D005F9002 /* HTTPMethod.swift */ = {isa = PBXFileReference; lastKnownFileType = sourcecode.swift; path = HTTPMethod.swift; sourceTree = "<group>"; };
		CB455DCB2A41A354005F9002 /* NetworkError.swift */ = {isa = PBXFileReference; lastKnownFileType = sourcecode.swift; path = NetworkError.swift; sourceTree = "<group>"; };
		CB455DCE2A41A372005F9002 /* Log.swift */ = {isa = PBXFileReference; lastKnownFileType = sourcecode.swift; path = Log.swift; sourceTree = "<group>"; };
		CB455DD02A41A39B005F9002 /* NewsModel.swift */ = {isa = PBXFileReference; lastKnownFileType = sourcecode.swift; path = NewsModel.swift; sourceTree = "<group>"; };
		CB455DD32A41A3C9005F9002 /* Constants.swift */ = {isa = PBXFileReference; lastKnownFileType = sourcecode.swift; path = Constants.swift; sourceTree = "<group>"; };
		CB455DD62A41A44E005F9002 /* String+Extensions.swift */ = {isa = PBXFileReference; fileEncoding = 4; lastKnownFileType = sourcecode.swift; path = "String+Extensions.swift"; sourceTree = "<group>"; };
		CB455DD72A41A44E005F9002 /* RangeReplaceableCollection+Extensions.swift */ = {isa = PBXFileReference; fileEncoding = 4; lastKnownFileType = sourcecode.swift; path = "RangeReplaceableCollection+Extensions.swift"; sourceTree = "<group>"; };
		CB455DD82A41A44E005F9002 /* JSONDecoder+Extensions.swift */ = {isa = PBXFileReference; fileEncoding = 4; lastKnownFileType = sourcecode.swift; path = "JSONDecoder+Extensions.swift"; sourceTree = "<group>"; };
		CB455DD92A41A44E005F9002 /* View + Extensions.swift */ = {isa = PBXFileReference; fileEncoding = 4; lastKnownFileType = sourcecode.swift; path = "View + Extensions.swift"; sourceTree = "<group>"; };
		CB455DDA2A41A44E005F9002 /* URL+Extensions.swift */ = {isa = PBXFileReference; fileEncoding = 4; lastKnownFileType = sourcecode.swift; path = "URL+Extensions.swift"; sourceTree = "<group>"; };
		CB455DDB2A41A44E005F9002 /* URLResponse+Extensions.swift */ = {isa = PBXFileReference; fileEncoding = 4; lastKnownFileType = sourcecode.swift; path = "URLResponse+Extensions.swift"; sourceTree = "<group>"; };
		CB455DDC2A41A44E005F9002 /* Data+Extensions.swift */ = {isa = PBXFileReference; fileEncoding = 4; lastKnownFileType = sourcecode.swift; path = "Data+Extensions.swift"; sourceTree = "<group>"; };
		CB455DE52A41A471005F9002 /* ViewDidLoadModifier.swift */ = {isa = PBXFileReference; lastKnownFileType = sourcecode.swift; path = ViewDidLoadModifier.swift; sourceTree = "<group>"; };
		CB455DE72A41A544005F9002 /* NewsModelPreview.swift */ = {isa = PBXFileReference; lastKnownFileType = sourcecode.swift; path = NewsModelPreview.swift; sourceTree = "<group>"; };
		CB455DE92A41A562005F9002 /* NewsDetailModelPreview.swift */ = {isa = PBXFileReference; lastKnownFileType = sourcecode.swift; path = NewsDetailModelPreview.swift; sourceTree = "<group>"; };
		CB455DEC2A41A5FE005F9002 /* NewsListDataHelper.swift */ = {isa = PBXFileReference; lastKnownFileType = sourcecode.swift; path = NewsListDataHelper.swift; sourceTree = "<group>"; };
		CB455DEF2A41A6B2005F9002 /* NewsCellView.swift */ = {isa = PBXFileReference; lastKnownFileType = sourcecode.swift; path = NewsCellView.swift; sourceTree = "<group>"; };
		CB455DF12A41A6D8005F9002 /* ImageView.swift */ = {isa = PBXFileReference; lastKnownFileType = sourcecode.swift; path = ImageView.swift; sourceTree = "<group>"; };
		CB455DF42A41A6FB005F9002 /* CacheAsyncImage.swift */ = {isa = PBXFileReference; lastKnownFileType = sourcecode.swift; path = CacheAsyncImage.swift; sourceTree = "<group>"; };
		CB455DF62A41A72B005F9002 /* PublishedDateView.swift */ = {isa = PBXFileReference; lastKnownFileType = sourcecode.swift; path = PublishedDateView.swift; sourceTree = "<group>"; };
		CB455DF82A41A7AA005F9002 /* ListLoadingView.swift */ = {isa = PBXFileReference; lastKnownFileType = sourcecode.swift; path = ListLoadingView.swift; sourceTree = "<group>"; };
		CB455DFA2A41A7E5005F9002 /* EmptyListMessageView.swift */ = {isa = PBXFileReference; lastKnownFileType = sourcecode.swift; path = EmptyListMessageView.swift; sourceTree = "<group>"; };
		CB455DFC2A41AA0B005F9002 /* DateTests.swift */ = {isa = PBXFileReference; lastKnownFileType = sourcecode.swift; path = DateTests.swift; sourceTree = "<group>"; };
		CB455E002A41AAAA005F9002 /* NewsResponse.json */ = {isa = PBXFileReference; lastKnownFileType = text.json; path = NewsResponse.json; sourceTree = "<group>"; };
		CB455E032A41AB58005F9002 /* NewsEmptyResponse.json */ = {isa = PBXFileReference; lastKnownFileType = text.json; path = NewsEmptyResponse.json; sourceTree = "<group>"; };
		CB455E062A41AD40005F9002 /* MockURLProtocol.swift */ = {isa = PBXFileReference; lastKnownFileType = sourcecode.swift; path = MockURLProtocol.swift; sourceTree = "<group>"; };
		CB455E092A41ADB6005F9002 /* WebServiceTests.swift */ = {isa = PBXFileReference; lastKnownFileType = sourcecode.swift; path = WebServiceTests.swift; sourceTree = "<group>"; };
		CBF6B4882A40D47C003D2124 /* ErplyAssignment.app */ = {isa = PBXFileReference; explicitFileType = wrapper.application; includeInIndex = 0; path = ErplyAssignment.app; sourceTree = BUILT_PRODUCTS_DIR; };
		CBF6B48B2A40D47C003D2124 /* ErplyAssignmentApp.swift */ = {isa = PBXFileReference; lastKnownFileType = sourcecode.swift; path = ErplyAssignmentApp.swift; sourceTree = "<group>"; };
		CBF6B48F2A40D47D003D2124 /* Assets.xcassets */ = {isa = PBXFileReference; lastKnownFileType = folder.assetcatalog; path = Assets.xcassets; sourceTree = "<group>"; };
		CBF6B4922A40D47D003D2124 /* Preview Assets.xcassets */ = {isa = PBXFileReference; lastKnownFileType = folder.assetcatalog; path = "Preview Assets.xcassets"; sourceTree = "<group>"; };
		CBF6B4982A40D47D003D2124 /* ErplyAssignmentTests.xctest */ = {isa = PBXFileReference; explicitFileType = wrapper.cfbundle; includeInIndex = 0; path = ErplyAssignmentTests.xctest; sourceTree = BUILT_PRODUCTS_DIR; };
		CBF6B49C2A40D47D003D2124 /* ErplyAssignmentTests.swift */ = {isa = PBXFileReference; lastKnownFileType = sourcecode.swift; path = ErplyAssignmentTests.swift; sourceTree = "<group>"; };
		CBF6B4A22A40D47D003D2124 /* ErplyAssignmentUITests.xctest */ = {isa = PBXFileReference; explicitFileType = wrapper.cfbundle; includeInIndex = 0; path = ErplyAssignmentUITests.xctest; sourceTree = BUILT_PRODUCTS_DIR; };
		CBF6B4A62A40D47D003D2124 /* ErplyAssignmentUITests.swift */ = {isa = PBXFileReference; lastKnownFileType = sourcecode.swift; path = ErplyAssignmentUITests.swift; sourceTree = "<group>"; };
		CBF6B4A82A40D47D003D2124 /* ErplyAssignmentUITestsLaunchTests.swift */ = {isa = PBXFileReference; lastKnownFileType = sourcecode.swift; path = ErplyAssignmentUITestsLaunchTests.swift; sourceTree = "<group>"; };
		CBF6B4BF2A40D748003D2124 /* AppFlowScreen.swift */ = {isa = PBXFileReference; lastKnownFileType = sourcecode.swift; path = AppFlowScreen.swift; sourceTree = "<group>"; };
		CBF6B4C22A40D7BA003D2124 /* AppFlowManager.swift */ = {isa = PBXFileReference; lastKnownFileType = sourcecode.swift; path = AppFlowManager.swift; sourceTree = "<group>"; };
		CBF6B4D02A40D9D6003D2124 /* NewsScreen.swift */ = {isa = PBXFileReference; lastKnownFileType = sourcecode.swift; path = NewsScreen.swift; sourceTree = "<group>"; };
		CBF6B4D22A40D9DD003D2124 /* NewsDetailScreen.swift */ = {isa = PBXFileReference; lastKnownFileType = sourcecode.swift; path = NewsDetailScreen.swift; sourceTree = "<group>"; };
		CBF6B4D52A40DAA4003D2124 /* LoginScreen.swift */ = {isa = PBXFileReference; lastKnownFileType = sourcecode.swift; path = LoginScreen.swift; sourceTree = "<group>"; };
		CBF6B4D82A40DBBF003D2124 /* UserDefaultsStorage.swift */ = {isa = PBXFileReference; lastKnownFileType = sourcecode.swift; path = UserDefaultsStorage.swift; sourceTree = "<group>"; };
		CBF6B4DA2A40E66C003D2124 /* LoginViewModel.swift */ = {isa = PBXFileReference; lastKnownFileType = sourcecode.swift; path = LoginViewModel.swift; sourceTree = "<group>"; };
		CBF6B4DC2A40EE5F003D2124 /* NewsViewModel.swift */ = {isa = PBXFileReference; lastKnownFileType = sourcecode.swift; path = NewsViewModel.swift; sourceTree = "<group>"; };
/* End PBXFileReference section */

/* Begin PBXFrameworksBuildPhase section */
		CBF6B4852A40D47C003D2124 /* Frameworks */ = {
			isa = PBXFrameworksBuildPhase;
			buildActionMask = 2147483647;
			files = (
			);
			runOnlyForDeploymentPostprocessing = 0;
		};
		CBF6B4952A40D47D003D2124 /* Frameworks */ = {
			isa = PBXFrameworksBuildPhase;
			buildActionMask = 2147483647;
			files = (
			);
			runOnlyForDeploymentPostprocessing = 0;
		};
		CBF6B49F2A40D47D003D2124 /* Frameworks */ = {
			isa = PBXFrameworksBuildPhase;
			buildActionMask = 2147483647;
			files = (
			);
			runOnlyForDeploymentPostprocessing = 0;
		};
/* End PBXFrameworksBuildPhase section */

/* Begin PBXGroup section */
		CB455DBA2A41A281005F9002 /* Service */ = {
			isa = PBXGroup;
			children = (
				CB455DBB2A41A28A005F9002 /* WebService.swift */,
				CB455DBD2A41A29B005F9002 /* NewsService.swift */,
			);
			path = Service;
			sourceTree = "<group>";
		};
		CB455DBF2A41A2B6005F9002 /* Endpoints */ = {
			isa = PBXGroup;
			children = (
				CB455DC02A41A2C5005F9002 /* Endpoint.swift */,
				CB455DC22A41A2DD005F9002 /* NewsListEndpoint.swift */,
			);
			path = Endpoints;
			sourceTree = "<group>";
		};
		CB455DC42A41A2ED005F9002 /* Query */ = {
			isa = PBXGroup;
			children = (
				CB455DC52A41A2F6005F9002 /* NewsListQuery.swift */,
			);
			path = Query;
			sourceTree = "<group>";
		};
		CB455DC72A41A32E005F9002 /* HTTPMethod */ = {
			isa = PBXGroup;
			children = (
				CB455DC82A41A33D005F9002 /* HTTPMethod.swift */,
			);
			path = HTTPMethod;
			sourceTree = "<group>";
		};
		CB455DCA2A41A34E005F9002 /* Errors */ = {
			isa = PBXGroup;
			children = (
				CB455DCB2A41A354005F9002 /* NetworkError.swift */,
			);
			path = Errors;
			sourceTree = "<group>";
		};
		CB455DCD2A41A36E005F9002 /* Log */ = {
			isa = PBXGroup;
			children = (
				CB455DCE2A41A372005F9002 /* Log.swift */,
			);
			path = Log;
			sourceTree = "<group>";
		};
		CB455DD22A41A3C2005F9002 /* Constants */ = {
			isa = PBXGroup;
			children = (
				CB455DD32A41A3C9005F9002 /* Constants.swift */,
			);
			path = Constants;
			sourceTree = "<group>";
		};
		CB455DD52A41A44E005F9002 /* Extensions */ = {
			isa = PBXGroup;
			children = (
				CB455DD62A41A44E005F9002 /* String+Extensions.swift */,
				CB455DD72A41A44E005F9002 /* RangeReplaceableCollection+Extensions.swift */,
				CB455DD82A41A44E005F9002 /* JSONDecoder+Extensions.swift */,
				CB455DD92A41A44E005F9002 /* View + Extensions.swift */,
				CB455DDA2A41A44E005F9002 /* URL+Extensions.swift */,
				CB455DDB2A41A44E005F9002 /* URLResponse+Extensions.swift */,
				CB455DDC2A41A44E005F9002 /* Data+Extensions.swift */,
			);
			name = Extensions;
			path = ErplyAssignment/Utility/Extensions;
			sourceTree = SOURCE_ROOT;
		};
		CB455DE42A41A467005F9002 /* Modifiers */ = {
			isa = PBXGroup;
			children = (
				CB455DE52A41A471005F9002 /* ViewDidLoadModifier.swift */,
			);
			path = Modifiers;
			sourceTree = "<group>";
		};
		CB455DEB2A41A5F4005F9002 /* Helpers */ = {
			isa = PBXGroup;
			children = (
				CB455DEC2A41A5FE005F9002 /* NewsListDataHelper.swift */,
			);
			path = Helpers;
			sourceTree = "<group>";
		};
		CB455DEE2A41A6A7005F9002 /* Children */ = {
			isa = PBXGroup;
			children = (
				CB455DEF2A41A6B2005F9002 /* NewsCellView.swift */,
				CB455DF82A41A7AA005F9002 /* ListLoadingView.swift */,
				CB455DF12A41A6D8005F9002 /* ImageView.swift */,
				CB455DF62A41A72B005F9002 /* PublishedDateView.swift */,
				CB455DFA2A41A7E5005F9002 /* EmptyListMessageView.swift */,
			);
			path = Children;
			sourceTree = "<group>";
		};
		CB455DF32A41A6F0005F9002 /* Cache */ = {
			isa = PBXGroup;
			children = (
				CB455DF42A41A6FB005F9002 /* CacheAsyncImage.swift */,
			);
			path = Cache;
			sourceTree = "<group>";
		};
		CB455DFF2A41AA9A005F9002 /* Mock */ = {
			isa = PBXGroup;
			children = (
				CB455E062A41AD40005F9002 /* MockURLProtocol.swift */,
				CB455E002A41AAAA005F9002 /* NewsResponse.json */,
				CB455E032A41AB58005F9002 /* NewsEmptyResponse.json */,
			);
			path = Mock;
			sourceTree = "<group>";
		};
		CBF6B47F2A40D47C003D2124 = {
			isa = PBXGroup;
			children = (
				CBF6B48A2A40D47C003D2124 /* ErplyAssignment */,
				CBF6B49B2A40D47D003D2124 /* ErplyAssignmentTests */,
				CBF6B4A52A40D47D003D2124 /* ErplyAssignmentUITests */,
				CBF6B4892A40D47C003D2124 /* Products */,
			);
			sourceTree = "<group>";
		};
		CBF6B4892A40D47C003D2124 /* Products */ = {
			isa = PBXGroup;
			children = (
				CBF6B4882A40D47C003D2124 /* ErplyAssignment.app */,
				CBF6B4982A40D47D003D2124 /* ErplyAssignmentTests.xctest */,
				CBF6B4A22A40D47D003D2124 /* ErplyAssignmentUITests.xctest */,
			);
			name = Products;
			sourceTree = "<group>";
		};
		CBF6B48A2A40D47C003D2124 /* ErplyAssignment */ = {
			isa = PBXGroup;
			children = (
				CBF6B4B52A40D585003D2124 /* App */,
				CBF6B4C12A40D76F003D2124 /* Utility */,
				CBF6B4BC2A40D6FF003D2124 /* Screens */,
				CBF6B48F2A40D47D003D2124 /* Assets.xcassets */,
				CBF6B4912A40D47D003D2124 /* Preview Content */,
			);
			path = ErplyAssignment;
			sourceTree = "<group>";
		};
		CBF6B4912A40D47D003D2124 /* Preview Content */ = {
			isa = PBXGroup;
			children = (
				CBF6B4922A40D47D003D2124 /* Preview Assets.xcassets */,
			);
			path = "Preview Content";
			sourceTree = "<group>";
		};
		CBF6B49B2A40D47D003D2124 /* ErplyAssignmentTests */ = {
			isa = PBXGroup;
			children = (
				CB455DFF2A41AA9A005F9002 /* Mock */,
				CBF6B49C2A40D47D003D2124 /* ErplyAssignmentTests.swift */,
				CB455E092A41ADB6005F9002 /* WebServiceTests.swift */,
				CB455DFC2A41AA0B005F9002 /* DateTests.swift */,
			);
			path = ErplyAssignmentTests;
			sourceTree = "<group>";
		};
		CBF6B4A52A40D47D003D2124 /* ErplyAssignmentUITests */ = {
			isa = PBXGroup;
			children = (
				CBF6B4A62A40D47D003D2124 /* ErplyAssignmentUITests.swift */,
				CBF6B4A82A40D47D003D2124 /* ErplyAssignmentUITestsLaunchTests.swift */,
			);
			path = ErplyAssignmentUITests;
			sourceTree = "<group>";
		};
		CBF6B4B52A40D585003D2124 /* App */ = {
			isa = PBXGroup;
			children = (
				CBF6B48B2A40D47C003D2124 /* ErplyAssignmentApp.swift */,
				CBF6B4C22A40D7BA003D2124 /* AppFlowManager.swift */,
			);
			path = App;
			sourceTree = "<group>";
		};
		CBF6B4BC2A40D6FF003D2124 /* Screens */ = {
			isa = PBXGroup;
			children = (
				CBF6B4CA2A40D9A2003D2124 /* AppFlow */,
				CBF6B4D42A40DA9E003D2124 /* Login */,
				CBF6B4CC2A40D9B7003D2124 /* News */,
				CBF6B4CD2A40D9BE003D2124 /* NewsDetail */,
			);
			path = Screens;
			sourceTree = "<group>";
		};
		CBF6B4C12A40D76F003D2124 /* Utility */ = {
			isa = PBXGroup;
			children = (
				CB455DF32A41A6F0005F9002 /* Cache */,
				CB455DEB2A41A5F4005F9002 /* Helpers */,
				CB455DE42A41A467005F9002 /* Modifiers */,
				CB455DD52A41A44E005F9002 /* Extensions */,
				CB455DD22A41A3C2005F9002 /* Constants */,
				CB455DCD2A41A36E005F9002 /* Log */,
				CB455DCA2A41A34E005F9002 /* Errors */,
				CB455DC72A41A32E005F9002 /* HTTPMethod */,
				CB455DC42A41A2ED005F9002 /* Query */,
				CB455DBF2A41A2B6005F9002 /* Endpoints */,
				CB455DBA2A41A281005F9002 /* Service */,
				CBF6B4D72A40DBA3003D2124 /* Storage */,
			);
			path = Utility;
			sourceTree = "<group>";
		};
		CBF6B4CA2A40D9A2003D2124 /* AppFlow */ = {
			isa = PBXGroup;
			children = (
				CBF6B4BF2A40D748003D2124 /* AppFlowScreen.swift */,
			);
			path = AppFlow;
			sourceTree = "<group>";
		};
		CBF6B4CC2A40D9B7003D2124 /* News */ = {
			isa = PBXGroup;
			children = (
				CB455DEE2A41A6A7005F9002 /* Children */,
				CBF6B4D02A40D9D6003D2124 /* NewsScreen.swift */,
				CBF6B4DC2A40EE5F003D2124 /* NewsViewModel.swift */,
				CB455DD02A41A39B005F9002 /* NewsModel.swift */,
				CB455DE72A41A544005F9002 /* NewsModelPreview.swift */,
			);
			path = News;
			sourceTree = "<group>";
		};
		CBF6B4CD2A40D9BE003D2124 /* NewsDetail */ = {
			isa = PBXGroup;
			children = (
				CBF6B4D22A40D9DD003D2124 /* NewsDetailScreen.swift */,
				CB455DE92A41A562005F9002 /* NewsDetailModelPreview.swift */,
			);
			path = NewsDetail;
			sourceTree = "<group>";
		};
		CBF6B4D42A40DA9E003D2124 /* Login */ = {
			isa = PBXGroup;
			children = (
				CBF6B4D52A40DAA4003D2124 /* LoginScreen.swift */,
				CBF6B4DA2A40E66C003D2124 /* LoginViewModel.swift */,
			);
			path = Login;
			sourceTree = "<group>";
		};
		CBF6B4D72A40DBA3003D2124 /* Storage */ = {
			isa = PBXGroup;
			children = (
				CBF6B4D82A40DBBF003D2124 /* UserDefaultsStorage.swift */,
			);
			path = Storage;
			sourceTree = "<group>";
		};
/* End PBXGroup section */

/* Begin PBXNativeTarget section */
		CBF6B4872A40D47C003D2124 /* ErplyAssignment */ = {
			isa = PBXNativeTarget;
			buildConfigurationList = CBF6B4AC2A40D47D003D2124 /* Build configuration list for PBXNativeTarget "ErplyAssignment" */;
			buildPhases = (
				CBF6B4842A40D47C003D2124 /* Sources */,
				CBF6B4852A40D47C003D2124 /* Frameworks */,
				CBF6B4862A40D47C003D2124 /* Resources */,
			);
			buildRules = (
			);
			dependencies = (
			);
			name = ErplyAssignment;
			productName = ErplyAssignment;
			productReference = CBF6B4882A40D47C003D2124 /* ErplyAssignment.app */;
			productType = "com.apple.product-type.application";
		};
		CBF6B4972A40D47D003D2124 /* ErplyAssignmentTests */ = {
			isa = PBXNativeTarget;
			buildConfigurationList = CBF6B4AF2A40D47D003D2124 /* Build configuration list for PBXNativeTarget "ErplyAssignmentTests" */;
			buildPhases = (
				CBF6B4942A40D47D003D2124 /* Sources */,
				CBF6B4952A40D47D003D2124 /* Frameworks */,
				CBF6B4962A40D47D003D2124 /* Resources */,
			);
			buildRules = (
			);
			dependencies = (
				CBF6B49A2A40D47D003D2124 /* PBXTargetDependency */,
			);
			name = ErplyAssignmentTests;
			productName = ErplyAssignmentTests;
			productReference = CBF6B4982A40D47D003D2124 /* ErplyAssignmentTests.xctest */;
			productType = "com.apple.product-type.bundle.unit-test";
		};
		CBF6B4A12A40D47D003D2124 /* ErplyAssignmentUITests */ = {
			isa = PBXNativeTarget;
			buildConfigurationList = CBF6B4B22A40D47D003D2124 /* Build configuration list for PBXNativeTarget "ErplyAssignmentUITests" */;
			buildPhases = (
				CBF6B49E2A40D47D003D2124 /* Sources */,
				CBF6B49F2A40D47D003D2124 /* Frameworks */,
				CBF6B4A02A40D47D003D2124 /* Resources */,
			);
			buildRules = (
			);
			dependencies = (
				CBF6B4A42A40D47D003D2124 /* PBXTargetDependency */,
			);
			name = ErplyAssignmentUITests;
			productName = ErplyAssignmentUITests;
			productReference = CBF6B4A22A40D47D003D2124 /* ErplyAssignmentUITests.xctest */;
			productType = "com.apple.product-type.bundle.ui-testing";
		};
/* End PBXNativeTarget section */

/* Begin PBXProject section */
		CBF6B4802A40D47C003D2124 /* Project object */ = {
			isa = PBXProject;
			attributes = {
				BuildIndependentTargetsInParallel = 1;
				LastSwiftUpdateCheck = 1430;
				LastUpgradeCheck = 1430;
				TargetAttributes = {
					CBF6B4872A40D47C003D2124 = {
						CreatedOnToolsVersion = 14.3.1;
					};
					CBF6B4972A40D47D003D2124 = {
						CreatedOnToolsVersion = 14.3.1;
						TestTargetID = CBF6B4872A40D47C003D2124;
					};
					CBF6B4A12A40D47D003D2124 = {
						CreatedOnToolsVersion = 14.3.1;
						TestTargetID = CBF6B4872A40D47C003D2124;
					};
				};
			};
			buildConfigurationList = CBF6B4832A40D47C003D2124 /* Build configuration list for PBXProject "ErplyAssignment" */;
			compatibilityVersion = "Xcode 14.0";
			developmentRegion = en;
			hasScannedForEncodings = 0;
			knownRegions = (
				en,
				Base,
			);
			mainGroup = CBF6B47F2A40D47C003D2124;
			productRefGroup = CBF6B4892A40D47C003D2124 /* Products */;
			projectDirPath = "";
			projectRoot = "";
			targets = (
				CBF6B4872A40D47C003D2124 /* ErplyAssignment */,
				CBF6B4972A40D47D003D2124 /* ErplyAssignmentTests */,
				CBF6B4A12A40D47D003D2124 /* ErplyAssignmentUITests */,
			);
		};
/* End PBXProject section */

/* Begin PBXResourcesBuildPhase section */
		CBF6B4862A40D47C003D2124 /* Resources */ = {
			isa = PBXResourcesBuildPhase;
			buildActionMask = 2147483647;
			files = (
				CB455E022A41AB33005F9002 /* NewsResponse.json in Resources */,
				CB455E042A41AB58005F9002 /* NewsEmptyResponse.json in Resources */,
				CBF6B4932A40D47D003D2124 /* Preview Assets.xcassets in Resources */,
				CBF6B4902A40D47D003D2124 /* Assets.xcassets in Resources */,
			);
			runOnlyForDeploymentPostprocessing = 0;
		};
		CBF6B4962A40D47D003D2124 /* Resources */ = {
			isa = PBXResourcesBuildPhase;
			buildActionMask = 2147483647;
			files = (
				CB455E012A41AAAA005F9002 /* NewsResponse.json in Resources */,
				CB455E052A41AB58005F9002 /* NewsEmptyResponse.json in Resources */,
			);
			runOnlyForDeploymentPostprocessing = 0;
		};
		CBF6B4A02A40D47D003D2124 /* Resources */ = {
			isa = PBXResourcesBuildPhase;
			buildActionMask = 2147483647;
			files = (
			);
			runOnlyForDeploymentPostprocessing = 0;
		};
/* End PBXResourcesBuildPhase section */

/* Begin PBXSourcesBuildPhase section */
		CBF6B4842A40D47C003D2124 /* Sources */ = {
			isa = PBXSourcesBuildPhase;
			buildActionMask = 2147483647;
			files = (
				CB455DED2A41A5FE005F9002 /* NewsListDataHelper.swift in Sources */,
				CB455DDD2A41A44E005F9002 /* String+Extensions.swift in Sources */,
				CBF6B4D12A40D9D6003D2124 /* NewsScreen.swift in Sources */,
				CB455DD42A41A3C9005F9002 /* Constants.swift in Sources */,
				CB455DFB2A41A7E5005F9002 /* EmptyListMessageView.swift in Sources */,
				CB455DCC2A41A354005F9002 /* NetworkError.swift in Sources */,
				CB455DDE2A41A44E005F9002 /* RangeReplaceableCollection+Extensions.swift in Sources */,
				CB455DC32A41A2DD005F9002 /* NewsListEndpoint.swift in Sources */,
				CBF6B4DD2A40EE5F003D2124 /* NewsViewModel.swift in Sources */,
				CB455DF22A41A6D8005F9002 /* ImageView.swift in Sources */,
				CB455DE32A41A44E005F9002 /* Data+Extensions.swift in Sources */,
				CB455DC62A41A2F6005F9002 /* NewsListQuery.swift in Sources */,
				CBF6B4D92A40DBBF003D2124 /* UserDefaultsStorage.swift in Sources */,
				CBF6B48C2A40D47C003D2124 /* ErplyAssignmentApp.swift in Sources */,
				CBF6B4D32A40D9DD003D2124 /* NewsDetailScreen.swift in Sources */,
				CB455DCF2A41A372005F9002 /* Log.swift in Sources */,
				CB455DE22A41A44E005F9002 /* URLResponse+Extensions.swift in Sources */,
				CBF6B4DB2A40E66C003D2124 /* LoginViewModel.swift in Sources */,
				CB455DE12A41A44E005F9002 /* URL+Extensions.swift in Sources */,
				CB455DC92A41A33D005F9002 /* HTTPMethod.swift in Sources */,
				CB455DE82A41A544005F9002 /* NewsModelPreview.swift in Sources */,
				CB455DE02A41A44E005F9002 /* View + Extensions.swift in Sources */,
				CB455DF02A41A6B2005F9002 /* NewsCellView.swift in Sources */,
				CBF6B4D62A40DAA4003D2124 /* LoginScreen.swift in Sources */,
				CB455DF72A41A72B005F9002 /* PublishedDateView.swift in Sources */,
				CB455DD12A41A39B005F9002 /* NewsModel.swift in Sources */,
				CBF6B4C32A40D7BA003D2124 /* AppFlowManager.swift in Sources */,
				CB455DBC2A41A28A005F9002 /* WebService.swift in Sources */,
				CB455DEA2A41A562005F9002 /* NewsDetailModelPreview.swift in Sources */,
				CB455DDF2A41A44E005F9002 /* JSONDecoder+Extensions.swift in Sources */,
				CBF6B4C02A40D748003D2124 /* AppFlowScreen.swift in Sources */,
				CB455DF92A41A7AA005F9002 /* ListLoadingView.swift in Sources */,
				CB455DE62A41A471005F9002 /* ViewDidLoadModifier.swift in Sources */,
				CB455DF52A41A6FB005F9002 /* CacheAsyncImage.swift in Sources */,
				CB455DC12A41A2C5005F9002 /* Endpoint.swift in Sources */,
				CB455DBE2A41A29B005F9002 /* NewsService.swift in Sources */,
			);
			runOnlyForDeploymentPostprocessing = 0;
		};
		CBF6B4942A40D47D003D2124 /* Sources */ = {
			isa = PBXSourcesBuildPhase;
			buildActionMask = 2147483647;
			files = (
				CBF6B49D2A40D47D003D2124 /* ErplyAssignmentTests.swift in Sources */,
				CB455DFE2A41AA32005F9002 /* String+Extensions.swift in Sources */,
				CB455DFD2A41AA0B005F9002 /* DateTests.swift in Sources */,
				CB455E0B2A41AEA0005F9002 /* NetworkError.swift in Sources */,
				CB455E082A41AD40005F9002 /* MockURLProtocol.swift in Sources */,
				CB455E0A2A41ADB6005F9002 /* WebServiceTests.swift in Sources */,
			);
			runOnlyForDeploymentPostprocessing = 0;
		};
		CBF6B49E2A40D47D003D2124 /* Sources */ = {
			isa = PBXSourcesBuildPhase;
			buildActionMask = 2147483647;
			files = (
				CBF6B4A92A40D47D003D2124 /* ErplyAssignmentUITestsLaunchTests.swift in Sources */,
				CBF6B4A72A40D47D003D2124 /* ErplyAssignmentUITests.swift in Sources */,
			);
			runOnlyForDeploymentPostprocessing = 0;
		};
/* End PBXSourcesBuildPhase section */

/* Begin PBXTargetDependency section */
		CBF6B49A2A40D47D003D2124 /* PBXTargetDependency */ = {
			isa = PBXTargetDependency;
			target = CBF6B4872A40D47C003D2124 /* ErplyAssignment */;
			targetProxy = CBF6B4992A40D47D003D2124 /* PBXContainerItemProxy */;
		};
		CBF6B4A42A40D47D003D2124 /* PBXTargetDependency */ = {
			isa = PBXTargetDependency;
			target = CBF6B4872A40D47C003D2124 /* ErplyAssignment */;
			targetProxy = CBF6B4A32A40D47D003D2124 /* PBXContainerItemProxy */;
		};
/* End PBXTargetDependency section */

/* Begin XCBuildConfiguration section */
		CBF6B4AA2A40D47D003D2124 /* Debug */ = {
			isa = XCBuildConfiguration;
			buildSettings = {
				ALWAYS_SEARCH_USER_PATHS = NO;
				CLANG_ANALYZER_NONNULL = YES;
				CLANG_ANALYZER_NUMBER_OBJECT_CONVERSION = YES_AGGRESSIVE;
				CLANG_CXX_LANGUAGE_STANDARD = "gnu++20";
				CLANG_ENABLE_MODULES = YES;
				CLANG_ENABLE_OBJC_ARC = YES;
				CLANG_ENABLE_OBJC_WEAK = YES;
				CLANG_WARN_BLOCK_CAPTURE_AUTORELEASING = YES;
				CLANG_WARN_BOOL_CONVERSION = YES;
				CLANG_WARN_COMMA = YES;
				CLANG_WARN_CONSTANT_CONVERSION = YES;
				CLANG_WARN_DEPRECATED_OBJC_IMPLEMENTATIONS = YES;
				CLANG_WARN_DIRECT_OBJC_ISA_USAGE = YES_ERROR;
				CLANG_WARN_DOCUMENTATION_COMMENTS = YES;
				CLANG_WARN_EMPTY_BODY = YES;
				CLANG_WARN_ENUM_CONVERSION = YES;
				CLANG_WARN_INFINITE_RECURSION = YES;
				CLANG_WARN_INT_CONVERSION = YES;
				CLANG_WARN_NON_LITERAL_NULL_CONVERSION = YES;
				CLANG_WARN_OBJC_IMPLICIT_RETAIN_SELF = YES;
				CLANG_WARN_OBJC_LITERAL_CONVERSION = YES;
				CLANG_WARN_OBJC_ROOT_CLASS = YES_ERROR;
				CLANG_WARN_QUOTED_INCLUDE_IN_FRAMEWORK_HEADER = YES;
				CLANG_WARN_RANGE_LOOP_ANALYSIS = YES;
				CLANG_WARN_STRICT_PROTOTYPES = YES;
				CLANG_WARN_SUSPICIOUS_MOVE = YES;
				CLANG_WARN_UNGUARDED_AVAILABILITY = YES_AGGRESSIVE;
				CLANG_WARN_UNREACHABLE_CODE = YES;
				CLANG_WARN__DUPLICATE_METHOD_MATCH = YES;
				COPY_PHASE_STRIP = NO;
				DEBUG_INFORMATION_FORMAT = dwarf;
				ENABLE_STRICT_OBJC_MSGSEND = YES;
				ENABLE_TESTABILITY = YES;
				GCC_C_LANGUAGE_STANDARD = gnu11;
				GCC_DYNAMIC_NO_PIC = NO;
				GCC_NO_COMMON_BLOCKS = YES;
				GCC_OPTIMIZATION_LEVEL = 0;
				GCC_PREPROCESSOR_DEFINITIONS = (
					"DEBUG=1",
					"$(inherited)",
				);
				GCC_WARN_64_TO_32_BIT_CONVERSION = YES;
				GCC_WARN_ABOUT_RETURN_TYPE = YES_ERROR;
				GCC_WARN_UNDECLARED_SELECTOR = YES;
				GCC_WARN_UNINITIALIZED_AUTOS = YES_AGGRESSIVE;
				GCC_WARN_UNUSED_FUNCTION = YES;
				GCC_WARN_UNUSED_VARIABLE = YES;
				IPHONEOS_DEPLOYMENT_TARGET = 15.0;
				MTL_ENABLE_DEBUG_INFO = INCLUDE_SOURCE;
				MTL_FAST_MATH = YES;
				ONLY_ACTIVE_ARCH = YES;
				SDKROOT = iphoneos;
				SWIFT_ACTIVE_COMPILATION_CONDITIONS = DEBUG;
				SWIFT_OPTIMIZATION_LEVEL = "-Onone";
			};
			name = Debug;
		};
		CBF6B4AB2A40D47D003D2124 /* Release */ = {
			isa = XCBuildConfiguration;
			buildSettings = {
				ALWAYS_SEARCH_USER_PATHS = NO;
				CLANG_ANALYZER_NONNULL = YES;
				CLANG_ANALYZER_NUMBER_OBJECT_CONVERSION = YES_AGGRESSIVE;
				CLANG_CXX_LANGUAGE_STANDARD = "gnu++20";
				CLANG_ENABLE_MODULES = YES;
				CLANG_ENABLE_OBJC_ARC = YES;
				CLANG_ENABLE_OBJC_WEAK = YES;
				CLANG_WARN_BLOCK_CAPTURE_AUTORELEASING = YES;
				CLANG_WARN_BOOL_CONVERSION = YES;
				CLANG_WARN_COMMA = YES;
				CLANG_WARN_CONSTANT_CONVERSION = YES;
				CLANG_WARN_DEPRECATED_OBJC_IMPLEMENTATIONS = YES;
				CLANG_WARN_DIRECT_OBJC_ISA_USAGE = YES_ERROR;
				CLANG_WARN_DOCUMENTATION_COMMENTS = YES;
				CLANG_WARN_EMPTY_BODY = YES;
				CLANG_WARN_ENUM_CONVERSION = YES;
				CLANG_WARN_INFINITE_RECURSION = YES;
				CLANG_WARN_INT_CONVERSION = YES;
				CLANG_WARN_NON_LITERAL_NULL_CONVERSION = YES;
				CLANG_WARN_OBJC_IMPLICIT_RETAIN_SELF = YES;
				CLANG_WARN_OBJC_LITERAL_CONVERSION = YES;
				CLANG_WARN_OBJC_ROOT_CLASS = YES_ERROR;
				CLANG_WARN_QUOTED_INCLUDE_IN_FRAMEWORK_HEADER = YES;
				CLANG_WARN_RANGE_LOOP_ANALYSIS = YES;
				CLANG_WARN_STRICT_PROTOTYPES = YES;
				CLANG_WARN_SUSPICIOUS_MOVE = YES;
				CLANG_WARN_UNGUARDED_AVAILABILITY = YES_AGGRESSIVE;
				CLANG_WARN_UNREACHABLE_CODE = YES;
				CLANG_WARN__DUPLICATE_METHOD_MATCH = YES;
				COPY_PHASE_STRIP = NO;
				DEBUG_INFORMATION_FORMAT = "dwarf-with-dsym";
				ENABLE_NS_ASSERTIONS = NO;
				ENABLE_STRICT_OBJC_MSGSEND = YES;
				GCC_C_LANGUAGE_STANDARD = gnu11;
				GCC_NO_COMMON_BLOCKS = YES;
				GCC_WARN_64_TO_32_BIT_CONVERSION = YES;
				GCC_WARN_ABOUT_RETURN_TYPE = YES_ERROR;
				GCC_WARN_UNDECLARED_SELECTOR = YES;
				GCC_WARN_UNINITIALIZED_AUTOS = YES_AGGRESSIVE;
				GCC_WARN_UNUSED_FUNCTION = YES;
				GCC_WARN_UNUSED_VARIABLE = YES;
				IPHONEOS_DEPLOYMENT_TARGET = 15.0;
				MTL_ENABLE_DEBUG_INFO = NO;
				MTL_FAST_MATH = YES;
				SDKROOT = iphoneos;
				SWIFT_COMPILATION_MODE = wholemodule;
				SWIFT_OPTIMIZATION_LEVEL = "-O";
				VALIDATE_PRODUCT = YES;
			};
			name = Release;
		};
		CBF6B4AD2A40D47D003D2124 /* Debug */ = {
			isa = XCBuildConfiguration;
			buildSettings = {
				ASSETCATALOG_COMPILER_APPICON_NAME = AppIcon;
				ASSETCATALOG_COMPILER_GLOBAL_ACCENT_COLOR_NAME = AccentColor;
				CODE_SIGN_STYLE = Automatic;
				CURRENT_PROJECT_VERSION = 1;
				DEVELOPMENT_ASSET_PATHS = "\"ErplyAssignment/Preview Content\"";
				DEVELOPMENT_TEAM = Y3RYSU9BGS;
				ENABLE_PREVIEWS = YES;
				GENERATE_INFOPLIST_FILE = YES;
				INFOPLIST_KEY_UIApplicationSceneManifest_Generation = YES;
				INFOPLIST_KEY_UIApplicationSupportsIndirectInputEvents = YES;
				INFOPLIST_KEY_UILaunchScreen_Generation = YES;
				INFOPLIST_KEY_UISupportedInterfaceOrientations = UIInterfaceOrientationPortrait;
				IPHONEOS_DEPLOYMENT_TARGET = 15.0;
				LD_RUNPATH_SEARCH_PATHS = (
					"$(inherited)",
					"@executable_path/Frameworks",
				);
				MARKETING_VERSION = 1.0;
				PRODUCT_BUNDLE_IDENTIFIER = umerdeveloper.github.com.ErplyAssignment;
				PRODUCT_NAME = "$(TARGET_NAME)";
				SUPPORTED_PLATFORMS = "iphoneos iphonesimulator";
				SUPPORTS_MACCATALYST = NO;
				SUPPORTS_MAC_DESIGNED_FOR_IPHONE_IPAD = NO;
				SWIFT_EMIT_LOC_STRINGS = YES;
				SWIFT_VERSION = 5.0;
				TARGETED_DEVICE_FAMILY = 1;
			};
			name = Debug;
		};
		CBF6B4AE2A40D47D003D2124 /* Release */ = {
			isa = XCBuildConfiguration;
			buildSettings = {
				ASSETCATALOG_COMPILER_APPICON_NAME = AppIcon;
				ASSETCATALOG_COMPILER_GLOBAL_ACCENT_COLOR_NAME = AccentColor;
				CODE_SIGN_STYLE = Automatic;
				CURRENT_PROJECT_VERSION = 1;
				DEVELOPMENT_ASSET_PATHS = "\"ErplyAssignment/Preview Content\"";
				DEVELOPMENT_TEAM = Y3RYSU9BGS;
				ENABLE_PREVIEWS = YES;
				GENERATE_INFOPLIST_FILE = YES;
				INFOPLIST_KEY_UIApplicationSceneManifest_Generation = YES;
				INFOPLIST_KEY_UIApplicationSupportsIndirectInputEvents = YES;
				INFOPLIST_KEY_UILaunchScreen_Generation = YES;
				INFOPLIST_KEY_UISupportedInterfaceOrientations = UIInterfaceOrientationPortrait;
				IPHONEOS_DEPLOYMENT_TARGET = 15.0;
				LD_RUNPATH_SEARCH_PATHS = (
					"$(inherited)",
					"@executable_path/Frameworks",
				);
				MARKETING_VERSION = 1.0;
				PRODUCT_BUNDLE_IDENTIFIER = umerdeveloper.github.com.ErplyAssignment;
				PRODUCT_NAME = "$(TARGET_NAME)";
				SUPPORTED_PLATFORMS = "iphoneos iphonesimulator";
				SUPPORTS_MACCATALYST = NO;
				SUPPORTS_MAC_DESIGNED_FOR_IPHONE_IPAD = NO;
				SWIFT_EMIT_LOC_STRINGS = YES;
				SWIFT_VERSION = 5.0;
				TARGETED_DEVICE_FAMILY = 1;
			};
			name = Release;
		};
		CBF6B4B02A40D47D003D2124 /* Debug */ = {
			isa = XCBuildConfiguration;
			buildSettings = {
				ALWAYS_EMBED_SWIFT_STANDARD_LIBRARIES = YES;
				BUNDLE_LOADER = "$(TEST_HOST)";
				CODE_SIGN_STYLE = Automatic;
				CURRENT_PROJECT_VERSION = 1;
				DEVELOPMENT_TEAM = Y3RYSU9BGS;
				GENERATE_INFOPLIST_FILE = YES;
				IPHONEOS_DEPLOYMENT_TARGET = 16.4;
				MARKETING_VERSION = 1.0;
				PRODUCT_BUNDLE_IDENTIFIER = umerdeveloper.github.com.ErplyAssignmentTests;
				PRODUCT_NAME = "$(TARGET_NAME)";
				SWIFT_EMIT_LOC_STRINGS = NO;
				SWIFT_VERSION = 5.0;
				TARGETED_DEVICE_FAMILY = "1,2";
				TEST_HOST = "$(BUILT_PRODUCTS_DIR)/ErplyAssignment.app/$(BUNDLE_EXECUTABLE_FOLDER_PATH)/ErplyAssignment";
			};
			name = Debug;
		};
		CBF6B4B12A40D47D003D2124 /* Release */ = {
			isa = XCBuildConfiguration;
			buildSettings = {
				ALWAYS_EMBED_SWIFT_STANDARD_LIBRARIES = YES;
				BUNDLE_LOADER = "$(TEST_HOST)";
				CODE_SIGN_STYLE = Automatic;
				CURRENT_PROJECT_VERSION = 1;
				DEVELOPMENT_TEAM = Y3RYSU9BGS;
				GENERATE_INFOPLIST_FILE = YES;
				IPHONEOS_DEPLOYMENT_TARGET = 16.4;
				MARKETING_VERSION = 1.0;
				PRODUCT_BUNDLE_IDENTIFIER = umerdeveloper.github.com.ErplyAssignmentTests;
				PRODUCT_NAME = "$(TARGET_NAME)";
				SWIFT_EMIT_LOC_STRINGS = NO;
				SWIFT_VERSION = 5.0;
				TARGETED_DEVICE_FAMILY = "1,2";
				TEST_HOST = "$(BUILT_PRODUCTS_DIR)/ErplyAssignment.app/$(BUNDLE_EXECUTABLE_FOLDER_PATH)/ErplyAssignment";
			};
			name = Release;
		};
		CBF6B4B32A40D47D003D2124 /* Debug */ = {
			isa = XCBuildConfiguration;
			buildSettings = {
				ALWAYS_EMBED_SWIFT_STANDARD_LIBRARIES = YES;
				CODE_SIGN_STYLE = Automatic;
				CURRENT_PROJECT_VERSION = 1;
				DEVELOPMENT_TEAM = Y3RYSU9BGS;
				GENERATE_INFOPLIST_FILE = YES;
				MARKETING_VERSION = 1.0;
				PRODUCT_BUNDLE_IDENTIFIER = umerdeveloper.github.com.ErplyAssignmentUITests;
				PRODUCT_NAME = "$(TARGET_NAME)";
				SWIFT_EMIT_LOC_STRINGS = NO;
				SWIFT_VERSION = 5.0;
				TARGETED_DEVICE_FAMILY = "1,2";
				TEST_TARGET_NAME = ErplyAssignment;
			};
			name = Debug;
		};
		CBF6B4B42A40D47D003D2124 /* Release */ = {
			isa = XCBuildConfiguration;
			buildSettings = {
				ALWAYS_EMBED_SWIFT_STANDARD_LIBRARIES = YES;
				CODE_SIGN_STYLE = Automatic;
				CURRENT_PROJECT_VERSION = 1;
				DEVELOPMENT_TEAM = Y3RYSU9BGS;
				GENERATE_INFOPLIST_FILE = YES;
				MARKETING_VERSION = 1.0;
				PRODUCT_BUNDLE_IDENTIFIER = umerdeveloper.github.com.ErplyAssignmentUITests;
				PRODUCT_NAME = "$(TARGET_NAME)";
				SWIFT_EMIT_LOC_STRINGS = NO;
				SWIFT_VERSION = 5.0;
				TARGETED_DEVICE_FAMILY = "1,2";
				TEST_TARGET_NAME = ErplyAssignment;
			};
			name = Release;
		};
/* End XCBuildConfiguration section */

/* Begin XCConfigurationList section */
		CBF6B4832A40D47C003D2124 /* Build configuration list for PBXProject "ErplyAssignment" */ = {
			isa = XCConfigurationList;
			buildConfigurations = (
				CBF6B4AA2A40D47D003D2124 /* Debug */,
				CBF6B4AB2A40D47D003D2124 /* Release */,
			);
			defaultConfigurationIsVisible = 0;
			defaultConfigurationName = Release;
		};
		CBF6B4AC2A40D47D003D2124 /* Build configuration list for PBXNativeTarget "ErplyAssignment" */ = {
			isa = XCConfigurationList;
			buildConfigurations = (
				CBF6B4AD2A40D47D003D2124 /* Debug */,
				CBF6B4AE2A40D47D003D2124 /* Release */,
			);
			defaultConfigurationIsVisible = 0;
			defaultConfigurationName = Release;
		};
		CBF6B4AF2A40D47D003D2124 /* Build configuration list for PBXNativeTarget "ErplyAssignmentTests" */ = {
			isa = XCConfigurationList;
			buildConfigurations = (
				CBF6B4B02A40D47D003D2124 /* Debug */,
				CBF6B4B12A40D47D003D2124 /* Release */,
			);
			defaultConfigurationIsVisible = 0;
			defaultConfigurationName = Release;
		};
		CBF6B4B22A40D47D003D2124 /* Build configuration list for PBXNativeTarget "ErplyAssignmentUITests" */ = {
			isa = XCConfigurationList;
			buildConfigurations = (
				CBF6B4B32A40D47D003D2124 /* Debug */,
				CBF6B4B42A40D47D003D2124 /* Release */,
			);
			defaultConfigurationIsVisible = 0;
			defaultConfigurationName = Release;
		};
/* End XCConfigurationList section */
	};
	rootObject = CBF6B4802A40D47C003D2124 /* Project object */;
}
