// !$*UTF8*$!
{
	archiveVersion = 1;
	classes = {
	};
	objectVersion = 56;
	objects = {

/* Begin PBXBuildFile section */
		CBF6B48C2A40D47C003D2124 /* ErplyAssignmentApp.swift in Sources */ = {isa = PBXBuildFile; fileRef = CBF6B48B2A40D47C003D2124 /* ErplyAssignmentApp.swift */; };
		CBF6B4902A40D47D003D2124 /* Assets.xcassets in Resources */ = {isa = PBXBuildFile; fileRef = CBF6B48F2A40D47D003D2124 /* Assets.xcassets */; };
		CBF6B4932A40D47D003D2124 /* Preview Assets.xcassets in Resources */ = {isa = PBXBuildFile; fileRef = CBF6B4922A40D47D003D2124 /* Preview Assets.xcassets */; };
		CBF6B49D2A40D47D003D2124 /* ErplyAssignmentTests.swift in Sources */ = {isa = PBXBuildFile; fileRef = CBF6B49C2A40D47D003D2124 /* ErplyAssignmentTests.swift */; };
		CBF6B4A72A40D47D003D2124 /* ErplyAssignmentUITests.swift in Sources */ = {isa = PBXBuildFile; fileRef = CBF6B4A62A40D47D003D2124 /* ErplyAssignmentUITests.swift */; };
		CBF6B4A92A40D47D003D2124 /* ErplyAssignmentUITestsLaunchTests.swift in Sources */ = {isa = PBXBuildFile; fileRef = CBF6B4A82A40D47D003D2124 /* ErplyAssignmentUITestsLaunchTests.swift */; };
		CBF6B4C02A40D748003D2124 /* AppFlowScreen.swift in Sources */ = {isa = PBXBuildFile; fileRef = CBF6B4BF2A40D748003D2124 /* AppFlowScreen.swift */; };
		CBF6B4C32A40D7BA003D2124 /* AppFlowManager.swift in Sources */ = {isa = PBXBuildFile; fileRef = CBF6B4C22A40D7BA003D2124 /* AppFlowManager.swift */; };
		CBF6B4D12A40D9D6003D2124 /* NewsScreen.swift in Sources */ = {isa = PBXBuildFile; fileRef = CBF6B4D02A40D9D6003D2124 /* NewsScreen.swift */; };
		CBF6B4D32A40D9DD003D2124 /* NewsDetailScreen.swift in Sources */ = {isa = PBXBuildFile; fileRef = CBF6B4D22A40D9DD003D2124 /* NewsDetailScreen.swift */; };
		CBF6B4D62A40DAA4003D2124 /* LoginScreen.swift in Sources */ = {isa = PBXBuildFile; fileRef = CBF6B4D52A40DAA4003D2124 /* LoginScreen.swift */; };
		CBF6B4D92A40DBBF003D2124 /* UserDefaultsStorage.swift in Sources */ = {isa = PBXBuildFile; fileRef = CBF6B4D82A40DBBF003D2124 /* UserDefaultsStorage.swift */; };
		CBF6B4DB2A40E66C003D2124 /* LoginViewModel.swift in Sources */ = {isa = PBXBuildFile; fileRef = CBF6B4DA2A40E66C003D2124 /* LoginViewModel.swift */; };
		CBF6B4DD2A40EE5F003D2124 /* NewsViewModel.swift in Sources */ = {isa = PBXBuildFile; fileRef = CBF6B4DC2A40EE5F003D2124 /* NewsViewModel.swift */; };
/* End PBXBuildFile section */

/* Begin PBXContainerItemProxy section */
		CBF6B4992A40D47D003D2124 /* PBXContainerItemProxy */ = {
			isa = PBXContainerItemProxy;
			containerPortal = CBF6B4802A40D47C003D2124 /* Project object */;
			proxyType = 1;
			remoteGlobalIDString = CBF6B4872A40D47C003D2124;
			remoteInfo = ErplyAssignment;
		};
		CBF6B4A32A40D47D003D2124 /* PBXContainerItemProxy */ = {
			isa = PBXContainerItemProxy;
			containerPortal = CBF6B4802A40D47C003D2124 /* Project object */;
			proxyType = 1;
			remoteGlobalIDString = CBF6B4872A40D47C003D2124;
			remoteInfo = ErplyAssignment;
		};
/* End PBXContainerItemProxy section */

/* Begin PBXFileReference section */
		CBF6B4882A40D47C003D2124 /* ErplyAssignment.app */ = {isa = PBXFileReference; explicitFileType = wrapper.application; includeInIndex = 0; path = ErplyAssignment.app; sourceTree = BUILT_PRODUCTS_DIR; };
		CBF6B48B2A40D47C003D2124 /* ErplyAssignmentApp.swift */ = {isa = PBXFileReference; lastKnownFileType = sourcecode.swift; path = ErplyAssignmentApp.swift; sourceTree = "<group>"; };
		CBF6B48F2A40D47D003D2124 /* Assets.xcassets */ = {isa = PBXFileReference; lastKnownFileType = folder.assetcatalog; path = Assets.xcassets; sourceTree = "<group>"; };
		CBF6B4922A40D47D003D2124 /* Preview Assets.xcassets */ = {isa = PBXFileReference; lastKnownFileType = folder.assetcatalog; path = "Preview Assets.xcassets"; sourceTree = "<group>"; };
		CBF6B4982A40D47D003D2124 /* ErplyAssignmentTests.xctest */ = {isa = PBXFileReference; explicitFileType = wrapper.cfbundle; includeInIndex = 0; path = ErplyAssignmentTests.xctest; sourceTree = BUILT_PRODUCTS_DIR; };
		CBF6B49C2A40D47D003D2124 /* ErplyAssignmentTests.swift */ = {isa = PBXFileReference; lastKnownFileType = sourcecode.swift; path = ErplyAssignmentTests.swift; sourceTree = "<group>"; };
		CBF6B4A22A40D47D003D2124 /* ErplyAssignmentUITests.xctest */ = {isa = PBXFileReference; explicitFileType = wrapper.cfbundle; includeInIndex = 0; path = ErplyAssignmentUITests.xctest; sourceTree = BUILT_PRODUCTS_DIR; };
		CBF6B4A62A40D47D003D2124 /* ErplyAssignmentUITests.swift */ = {isa = PBXFileReference; lastKnownFileType = sourcecode.swift; path = ErplyAssignmentUITests.swift; sourceTree = "<group>"; };
		CBF6B4A82A40D47D003D2124 /* ErplyAssignmentUITestsLaunchTests.swift */ = {isa = PBXFileReference; lastKnownFileType = sourcecode.swift; path = ErplyAssignmentUITestsLaunchTests.swift; sourceTree = "<group>"; };
		CBF6B4BF2A40D748003D2124 /* AppFlowScreen.swift */ = {isa = PBXFileReference; lastKnownFileType = sourcecode.swift; path = AppFlowScreen.swift; sourceTree = "<group>"; };
		CBF6B4C22A40D7BA003D2124 /* AppFlowManager.swift */ = {isa = PBXFileReference; lastKnownFileType = sourcecode.swift; path = AppFlowManager.swift; sourceTree = "<group>"; };
		CBF6B4D02A40D9D6003D2124 /* NewsScreen.swift */ = {isa = PBXFileReference; lastKnownFileType = sourcecode.swift; path = NewsScreen.swift; sourceTree = "<group>"; };
		CBF6B4D22A40D9DD003D2124 /* NewsDetailScreen.swift */ = {isa = PBXFileReference; lastKnownFileType = sourcecode.swift; path = NewsDetailScreen.swift; sourceTree = "<group>"; };
		CBF6B4D52A40DAA4003D2124 /* LoginScreen.swift */ = {isa = PBXFileReference; lastKnownFileType = sourcecode.swift; path = LoginScreen.swift; sourceTree = "<group>"; };
		CBF6B4D82A40DBBF003D2124 /* UserDefaultsStorage.swift */ = {isa = PBXFileReference; lastKnownFileType = sourcecode.swift; path = UserDefaultsStorage.swift; sourceTree = "<group>"; };
		CBF6B4DA2A40E66C003D2124 /* LoginViewModel.swift */ = {isa = PBXFileReference; lastKnownFileType = sourcecode.swift; path = LoginViewModel.swift; sourceTree = "<group>"; };
		CBF6B4DC2A40EE5F003D2124 /* NewsViewModel.swift */ = {isa = PBXFileReference; lastKnownFileType = sourcecode.swift; path = NewsViewModel.swift; sourceTree = "<group>"; };
/* End PBXFileReference section */

/* Begin PBXFrameworksBuildPhase section */
		CBF6B4852A40D47C003D2124 /* Frameworks */ = {
			isa = PBXFrameworksBuildPhase;
			buildActionMask = 2147483647;
			files = (
			);
			runOnlyForDeploymentPostprocessing = 0;
		};
		CBF6B4952A40D47D003D2124 /* Frameworks */ = {
			isa = PBXFrameworksBuildPhase;
			buildActionMask = 2147483647;
			files = (
			);
			runOnlyForDeploymentPostprocessing = 0;
		};
		CBF6B49F2A40D47D003D2124 /* Frameworks */ = {
			isa = PBXFrameworksBuildPhase;
			buildActionMask = 2147483647;
			files = (
			);
			runOnlyForDeploymentPostprocessing = 0;
		};
/* End PBXFrameworksBuildPhase section */

/* Begin PBXGroup section */
		CBF6B47F2A40D47C003D2124 = {
			isa = PBXGroup;
			children = (
				CBF6B48A2A40D47C003D2124 /* ErplyAssignment */,
				CBF6B49B2A40D47D003D2124 /* ErplyAssignmentTests */,
				CBF6B4A52A40D47D003D2124 /* ErplyAssignmentUITests */,
				CBF6B4892A40D47C003D2124 /* Products */,
			);
			sourceTree = "<group>";
		};
		CBF6B4892A40D47C003D2124 /* Products */ = {
			isa = PBXGroup;
			children = (
				CBF6B4882A40D47C003D2124 /* ErplyAssignment.app */,
				CBF6B4982A40D47D003D2124 /* ErplyAssignmentTests.xctest */,
				CBF6B4A22A40D47D003D2124 /* ErplyAssignmentUITests.xctest */,
			);
			name = Products;
			sourceTree = "<group>";
		};
		CBF6B48A2A40D47C003D2124 /* ErplyAssignment */ = {
			isa = PBXGroup;
			children = (
				CBF6B4B52A40D585003D2124 /* App */,
				CBF6B4C12A40D76F003D2124 /* Utility */,
				CBF6B4BC2A40D6FF003D2124 /* Screens */,
				CBF6B48F2A40D47D003D2124 /* Assets.xcassets */,
				CBF6B4912A40D47D003D2124 /* Preview Content */,
			);
			path = ErplyAssignment;
			sourceTree = "<group>";
		};
		CBF6B4912A40D47D003D2124 /* Preview Content */ = {
			isa = PBXGroup;
			children = (
				CBF6B4922A40D47D003D2124 /* Preview Assets.xcassets */,
			);
			path = "Preview Content";
			sourceTree = "<group>";
		};
		CBF6B49B2A40D47D003D2124 /* ErplyAssignmentTests */ = {
			isa = PBXGroup;
			children = (
				CBF6B49C2A40D47D003D2124 /* ErplyAssignmentTests.swift */,
			);
			path = ErplyAssignmentTests;
			sourceTree = "<group>";
		};
		CBF6B4A52A40D47D003D2124 /* ErplyAssignmentUITests */ = {
			isa = PBXGroup;
			children = (
				CBF6B4A62A40D47D003D2124 /* ErplyAssignmentUITests.swift */,
				CBF6B4A82A40D47D003D2124 /* ErplyAssignmentUITestsLaunchTests.swift */,
			);
			path = ErplyAssignmentUITests;
			sourceTree = "<group>";
		};
		CBF6B4B52A40D585003D2124 /* App */ = {
			isa = PBXGroup;
			children = (
				CBF6B48B2A40D47C003D2124 /* ErplyAssignmentApp.swift */,
				CBF6B4C22A40D7BA003D2124 /* AppFlowManager.swift */,
			);
			path = App;
			sourceTree = "<group>";
		};
		CBF6B4BC2A40D6FF003D2124 /* Screens */ = {
			isa = PBXGroup;
			children = (
				CBF6B4CA2A40D9A2003D2124 /* AppFlow */,
				CBF6B4D42A40DA9E003D2124 /* Login */,
				CBF6B4CC2A40D9B7003D2124 /* News */,
				CBF6B4CD2A40D9BE003D2124 /* NewsDetail */,
			);
			path = Screens;
			sourceTree = "<group>";
		};
		CBF6B4C12A40D76F003D2124 /* Utility */ = {
			isa = PBXGroup;
			children = (
				CBF6B4D72A40DBA3003D2124 /* Storage */,
			);
			path = Utility;
			sourceTree = "<group>";
		};
		CBF6B4CA2A40D9A2003D2124 /* AppFlow */ = {
			isa = PBXGroup;
			children = (
				CBF6B4BF2A40D748003D2124 /* AppFlowScreen.swift */,
			);
			path = AppFlow;
			sourceTree = "<group>";
		};
		CBF6B4CC2A40D9B7003D2124 /* News */ = {
			isa = PBXGroup;
			children = (
				CBF6B4D02A40D9D6003D2124 /* NewsScreen.swift */,
				CBF6B4DC2A40EE5F003D2124 /* NewsViewModel.swift */,
			);
			path = News;
			sourceTree = "<group>";
		};
		CBF6B4CD2A40D9BE003D2124 /* NewsDetail */ = {
			isa = PBXGroup;
			children = (
				CBF6B4D22A40D9DD003D2124 /* NewsDetailScreen.swift */,
			);
			path = NewsDetail;
			sourceTree = "<group>";
		};
		CBF6B4D42A40DA9E003D2124 /* Login */ = {
			isa = PBXGroup;
			children = (
				CBF6B4D52A40DAA4003D2124 /* LoginScreen.swift */,
				CBF6B4DA2A40E66C003D2124 /* LoginViewModel.swift */,
			);
			path = Login;
			sourceTree = "<group>";
		};
		CBF6B4D72A40DBA3003D2124 /* Storage */ = {
			isa = PBXGroup;
			children = (
				CBF6B4D82A40DBBF003D2124 /* UserDefaultsStorage.swift */,
			);
			path = Storage;
			sourceTree = "<group>";
		};
/* End PBXGroup section */

/* Begin PBXNativeTarget section */
		CBF6B4872A40D47C003D2124 /* ErplyAssignment */ = {
			isa = PBXNativeTarget;
			buildConfigurationList = CBF6B4AC2A40D47D003D2124 /* Build configuration list for PBXNativeTarget "ErplyAssignment" */;
			buildPhases = (
				CBF6B4842A40D47C003D2124 /* Sources */,
				CBF6B4852A40D47C003D2124 /* Frameworks */,
				CBF6B4862A40D47C003D2124 /* Resources */,
			);
			buildRules = (
			);
			dependencies = (
			);
			name = ErplyAssignment;
			productName = ErplyAssignment;
			productReference = CBF6B4882A40D47C003D2124 /* ErplyAssignment.app */;
			productType = "com.apple.product-type.application";
		};
		CBF6B4972A40D47D003D2124 /* ErplyAssignmentTests */ = {
			isa = PBXNativeTarget;
			buildConfigurationList = CBF6B4AF2A40D47D003D2124 /* Build configuration list for PBXNativeTarget "ErplyAssignmentTests" */;
			buildPhases = (
				CBF6B4942A40D47D003D2124 /* Sources */,
				CBF6B4952A40D47D003D2124 /* Frameworks */,
				CBF6B4962A40D47D003D2124 /* Resources */,
			);
			buildRules = (
			);
			dependencies = (
				CBF6B49A2A40D47D003D2124 /* PBXTargetDependency */,
			);
			name = ErplyAssignmentTests;
			productName = ErplyAssignmentTests;
			productReference = CBF6B4982A40D47D003D2124 /* ErplyAssignmentTests.xctest */;
			productType = "com.apple.product-type.bundle.unit-test";
		};
		CBF6B4A12A40D47D003D2124 /* ErplyAssignmentUITests */ = {
			isa = PBXNativeTarget;
			buildConfigurationList = CBF6B4B22A40D47D003D2124 /* Build configuration list for PBXNativeTarget "ErplyAssignmentUITests" */;
			buildPhases = (
				CBF6B49E2A40D47D003D2124 /* Sources */,
				CBF6B49F2A40D47D003D2124 /* Frameworks */,
				CBF6B4A02A40D47D003D2124 /* Resources */,
			);
			buildRules = (
			);
			dependencies = (
				CBF6B4A42A40D47D003D2124 /* PBXTargetDependency */,
			);
			name = ErplyAssignmentUITests;
			productName = ErplyAssignmentUITests;
			productReference = CBF6B4A22A40D47D003D2124 /* ErplyAssignmentUITests.xctest */;
			productType = "com.apple.product-type.bundle.ui-testing";
		};
/* End PBXNativeTarget section */

/* Begin PBXProject section */
		CBF6B4802A40D47C003D2124 /* Project object */ = {
			isa = PBXProject;
			attributes = {
				BuildIndependentTargetsInParallel = 1;
				LastSwiftUpdateCheck = 1430;
				LastUpgradeCheck = 1430;
				TargetAttributes = {
					CBF6B4872A40D47C003D2124 = {
						CreatedOnToolsVersion = 14.3.1;
					};
					CBF6B4972A40D47D003D2124 = {
						CreatedOnToolsVersion = 14.3.1;
						TestTargetID = CBF6B4872A40D47C003D2124;
					};
					CBF6B4A12A40D47D003D2124 = {
						CreatedOnToolsVersion = 14.3.1;
						TestTargetID = CBF6B4872A40D47C003D2124;
					};
				};
			};
			buildConfigurationList = CBF6B4832A40D47C003D2124 /* Build configuration list for PBXProject "ErplyAssignment" */;
			compatibilityVersion = "Xcode 14.0";
			developmentRegion = en;
			hasScannedForEncodings = 0;
			knownRegions = (
				en,
				Base,
			);
			mainGroup = CBF6B47F2A40D47C003D2124;
			productRefGroup = CBF6B4892A40D47C003D2124 /* Products */;
			projectDirPath = "";
			projectRoot = "";
			targets = (
				CBF6B4872A40D47C003D2124 /* ErplyAssignment */,
				CBF6B4972A40D47D003D2124 /* ErplyAssignmentTests */,
				CBF6B4A12A40D47D003D2124 /* ErplyAssignmentUITests */,
			);
		};
/* End PBXProject section */

/* Begin PBXResourcesBuildPhase section */
		CBF6B4862A40D47C003D2124 /* Resources */ = {
			isa = PBXResourcesBuildPhase;
			buildActionMask = 2147483647;
			files = (
				CBF6B4932A40D47D003D2124 /* Preview Assets.xcassets in Resources */,
				CBF6B4902A40D47D003D2124 /* Assets.xcassets in Resources */,
			);
			runOnlyForDeploymentPostprocessing = 0;
		};
		CBF6B4962A40D47D003D2124 /* Resources */ = {
			isa = PBXResourcesBuildPhase;
			buildActionMask = 2147483647;
			files = (
			);
			runOnlyForDeploymentPostprocessing = 0;
		};
		CBF6B4A02A40D47D003D2124 /* Resources */ = {
			isa = PBXResourcesBuildPhase;
			buildActionMask = 2147483647;
			files = (
			);
			runOnlyForDeploymentPostprocessing = 0;
		};
/* End PBXResourcesBuildPhase section */

/* Begin PBXSourcesBuildPhase section */
		CBF6B4842A40D47C003D2124 /* Sources */ = {
			isa = PBXSourcesBuildPhase;
			buildActionMask = 2147483647;
			files = (
				CBF6B4D12A40D9D6003D2124 /* NewsScreen.swift in Sources */,
				CBF6B4DD2A40EE5F003D2124 /* NewsViewModel.swift in Sources */,
				CBF6B4D92A40DBBF003D2124 /* UserDefaultsStorage.swift in Sources */,
				CBF6B48C2A40D47C003D2124 /* ErplyAssignmentApp.swift in Sources */,
				CBF6B4D32A40D9DD003D2124 /* NewsDetailScreen.swift in Sources */,
				CBF6B4DB2A40E66C003D2124 /* LoginViewModel.swift in Sources */,
				CBF6B4D62A40DAA4003D2124 /* LoginScreen.swift in Sources */,
				CBF6B4C32A40D7BA003D2124 /* AppFlowManager.swift in Sources */,
				CBF6B4C02A40D748003D2124 /* AppFlowScreen.swift in Sources */,
			);
			runOnlyForDeploymentPostprocessing = 0;
		};
		CBF6B4942A40D47D003D2124 /* Sources */ = {
			isa = PBXSourcesBuildPhase;
			buildActionMask = 2147483647;
			files = (
				CBF6B49D2A40D47D003D2124 /* ErplyAssignmentTests.swift in Sources */,
			);
			runOnlyForDeploymentPostprocessing = 0;
		};
		CBF6B49E2A40D47D003D2124 /* Sources */ = {
			isa = PBXSourcesBuildPhase;
			buildActionMask = 2147483647;
			files = (
				CBF6B4A92A40D47D003D2124 /* ErplyAssignmentUITestsLaunchTests.swift in Sources */,
				CBF6B4A72A40D47D003D2124 /* ErplyAssignmentUITests.swift in Sources */,
			);
			runOnlyForDeploymentPostprocessing = 0;
		};
/* End PBXSourcesBuildPhase section */

/* Begin PBXTargetDependency section */
		CBF6B49A2A40D47D003D2124 /* PBXTargetDependency */ = {
			isa = PBXTargetDependency;
			target = CBF6B4872A40D47C003D2124 /* ErplyAssignment */;
			targetProxy = CBF6B4992A40D47D003D2124 /* PBXContainerItemProxy */;
		};
		CBF6B4A42A40D47D003D2124 /* PBXTargetDependency */ = {
			isa = PBXTargetDependency;
			target = CBF6B4872A40D47C003D2124 /* ErplyAssignment */;
			targetProxy = CBF6B4A32A40D47D003D2124 /* PBXContainerItemProxy */;
		};
/* End PBXTargetDependency section */

/* Begin XCBuildConfiguration section */
		CBF6B4AA2A40D47D003D2124 /* Debug */ = {
			isa = XCBuildConfiguration;
			buildSettings = {
				ALWAYS_SEARCH_USER_PATHS = NO;
				CLANG_ANALYZER_NONNULL = YES;
				CLANG_ANALYZER_NUMBER_OBJECT_CONVERSION = YES_AGGRESSIVE;
				CLANG_CXX_LANGUAGE_STANDARD = "gnu++20";
				CLANG_ENABLE_MODULES = YES;
				CLANG_ENABLE_OBJC_ARC = YES;
				CLANG_ENABLE_OBJC_WEAK = YES;
				CLANG_WARN_BLOCK_CAPTURE_AUTORELEASING = YES;
				CLANG_WARN_BOOL_CONVERSION = YES;
				CLANG_WARN_COMMA = YES;
				CLANG_WARN_CONSTANT_CONVERSION = YES;
				CLANG_WARN_DEPRECATED_OBJC_IMPLEMENTATIONS = YES;
				CLANG_WARN_DIRECT_OBJC_ISA_USAGE = YES_ERROR;
				CLANG_WARN_DOCUMENTATION_COMMENTS = YES;
				CLANG_WARN_EMPTY_BODY = YES;
				CLANG_WARN_ENUM_CONVERSION = YES;
				CLANG_WARN_INFINITE_RECURSION = YES;
				CLANG_WARN_INT_CONVERSION = YES;
				CLANG_WARN_NON_LITERAL_NULL_CONVERSION = YES;
				CLANG_WARN_OBJC_IMPLICIT_RETAIN_SELF = YES;
				CLANG_WARN_OBJC_LITERAL_CONVERSION = YES;
				CLANG_WARN_OBJC_ROOT_CLASS = YES_ERROR;
				CLANG_WARN_QUOTED_INCLUDE_IN_FRAMEWORK_HEADER = YES;
				CLANG_WARN_RANGE_LOOP_ANALYSIS = YES;
				CLANG_WARN_STRICT_PROTOTYPES = YES;
				CLANG_WARN_SUSPICIOUS_MOVE = YES;
				CLANG_WARN_UNGUARDED_AVAILABILITY = YES_AGGRESSIVE;
				CLANG_WARN_UNREACHABLE_CODE = YES;
				CLANG_WARN__DUPLICATE_METHOD_MATCH = YES;
				COPY_PHASE_STRIP = NO;
				DEBUG_INFORMATION_FORMAT = dwarf;
				ENABLE_STRICT_OBJC_MSGSEND = YES;
				ENABLE_TESTABILITY = YES;
				GCC_C_LANGUAGE_STANDARD = gnu11;
				GCC_DYNAMIC_NO_PIC = NO;
				GCC_NO_COMMON_BLOCKS = YES;
				GCC_OPTIMIZATION_LEVEL = 0;
				GCC_PREPROCESSOR_DEFINITIONS = (
					"DEBUG=1",
					"$(inherited)",
				);
				GCC_WARN_64_TO_32_BIT_CONVERSION = YES;
				GCC_WARN_ABOUT_RETURN_TYPE = YES_ERROR;
				GCC_WARN_UNDECLARED_SELECTOR = YES;
				GCC_WARN_UNINITIALIZED_AUTOS = YES_AGGRESSIVE;
				GCC_WARN_UNUSED_FUNCTION = YES;
				GCC_WARN_UNUSED_VARIABLE = YES;
				IPHONEOS_DEPLOYMENT_TARGET = 15.0;
				MTL_ENABLE_DEBUG_INFO = INCLUDE_SOURCE;
				MTL_FAST_MATH = YES;
				ONLY_ACTIVE_ARCH = YES;
				SDKROOT = iphoneos;
				SWIFT_ACTIVE_COMPILATION_CONDITIONS = DEBUG;
				SWIFT_OPTIMIZATION_LEVEL = "-Onone";
			};
			name = Debug;
		};
		CBF6B4AB2A40D47D003D2124 /* Release */ = {
			isa = XCBuildConfiguration;
			buildSettings = {
				ALWAYS_SEARCH_USER_PATHS = NO;
				CLANG_ANALYZER_NONNULL = YES;
				CLANG_ANALYZER_NUMBER_OBJECT_CONVERSION = YES_AGGRESSIVE;
				CLANG_CXX_LANGUAGE_STANDARD = "gnu++20";
				CLANG_ENABLE_MODULES = YES;
				CLANG_ENABLE_OBJC_ARC = YES;
				CLANG_ENABLE_OBJC_WEAK = YES;
				CLANG_WARN_BLOCK_CAPTURE_AUTORELEASING = YES;
				CLANG_WARN_BOOL_CONVERSION = YES;
				CLANG_WARN_COMMA = YES;
				CLANG_WARN_CONSTANT_CONVERSION = YES;
				CLANG_WARN_DEPRECATED_OBJC_IMPLEMENTATIONS = YES;
				CLANG_WARN_DIRECT_OBJC_ISA_USAGE = YES_ERROR;
				CLANG_WARN_DOCUMENTATION_COMMENTS = YES;
				CLANG_WARN_EMPTY_BODY = YES;
				CLANG_WARN_ENUM_CONVERSION = YES;
				CLANG_WARN_INFINITE_RECURSION = YES;
				CLANG_WARN_INT_CONVERSION = YES;
				CLANG_WARN_NON_LITERAL_NULL_CONVERSION = YES;
				CLANG_WARN_OBJC_IMPLICIT_RETAIN_SELF = YES;
				CLANG_WARN_OBJC_LITERAL_CONVERSION = YES;
				CLANG_WARN_OBJC_ROOT_CLASS = YES_ERROR;
				CLANG_WARN_QUOTED_INCLUDE_IN_FRAMEWORK_HEADER = YES;
				CLANG_WARN_RANGE_LOOP_ANALYSIS = YES;
				CLANG_WARN_STRICT_PROTOTYPES = YES;
				CLANG_WARN_SUSPICIOUS_MOVE = YES;
				CLANG_WARN_UNGUARDED_AVAILABILITY = YES_AGGRESSIVE;
				CLANG_WARN_UNREACHABLE_CODE = YES;
				CLANG_WARN__DUPLICATE_METHOD_MATCH = YES;
				COPY_PHASE_STRIP = NO;
				DEBUG_INFORMATION_FORMAT = "dwarf-with-dsym";
				ENABLE_NS_ASSERTIONS = NO;
				ENABLE_STRICT_OBJC_MSGSEND = YES;
				GCC_C_LANGUAGE_STANDARD = gnu11;
				GCC_NO_COMMON_BLOCKS = YES;
				GCC_WARN_64_TO_32_BIT_CONVERSION = YES;
				GCC_WARN_ABOUT_RETURN_TYPE = YES_ERROR;
				GCC_WARN_UNDECLARED_SELECTOR = YES;
				GCC_WARN_UNINITIALIZED_AUTOS = YES_AGGRESSIVE;
				GCC_WARN_UNUSED_FUNCTION = YES;
				GCC_WARN_UNUSED_VARIABLE = YES;
				IPHONEOS_DEPLOYMENT_TARGET = 15.0;
				MTL_ENABLE_DEBUG_INFO = NO;
				MTL_FAST_MATH = YES;
				SDKROOT = iphoneos;
				SWIFT_COMPILATION_MODE = wholemodule;
				SWIFT_OPTIMIZATION_LEVEL = "-O";
				VALIDATE_PRODUCT = YES;
			};
			name = Release;
		};
		CBF6B4AD2A40D47D003D2124 /* Debug */ = {
			isa = XCBuildConfiguration;
			buildSettings = {
				ASSETCATALOG_COMPILER_APPICON_NAME = AppIcon;
				ASSETCATALOG_COMPILER_GLOBAL_ACCENT_COLOR_NAME = AccentColor;
				CODE_SIGN_STYLE = Automatic;
				CURRENT_PROJECT_VERSION = 1;
				DEVELOPMENT_ASSET_PATHS = "\"ErplyAssignment/Preview Content\"";
				DEVELOPMENT_TEAM = Y3RYSU9BGS;
				ENABLE_PREVIEWS = YES;
				GENERATE_INFOPLIST_FILE = YES;
				INFOPLIST_KEY_UIApplicationSceneManifest_Generation = YES;
				INFOPLIST_KEY_UIApplicationSupportsIndirectInputEvents = YES;
				INFOPLIST_KEY_UILaunchScreen_Generation = YES;
				INFOPLIST_KEY_UISupportedInterfaceOrientations = UIInterfaceOrientationPortrait;
				IPHONEOS_DEPLOYMENT_TARGET = 15.0;
				LD_RUNPATH_SEARCH_PATHS = (
					"$(inherited)",
					"@executable_path/Frameworks",
				);
				MARKETING_VERSION = 1.0;
				PRODUCT_BUNDLE_IDENTIFIER = umerdeveloper.github.com.ErplyAssignment;
				PRODUCT_NAME = "$(TARGET_NAME)";
				SUPPORTED_PLATFORMS = "iphoneos iphonesimulator";
				SUPPORTS_MACCATALYST = NO;
				SUPPORTS_MAC_DESIGNED_FOR_IPHONE_IPAD = NO;
				SWIFT_EMIT_LOC_STRINGS = YES;
				SWIFT_VERSION = 5.0;
				TARGETED_DEVICE_FAMILY = 1;
			};
			name = Debug;
		};
		CBF6B4AE2A40D47D003D2124 /* Release */ = {
			isa = XCBuildConfiguration;
			buildSettings = {
				ASSETCATALOG_COMPILER_APPICON_NAME = AppIcon;
				ASSETCATALOG_COMPILER_GLOBAL_ACCENT_COLOR_NAME = AccentColor;
				CODE_SIGN_STYLE = Automatic;
				CURRENT_PROJECT_VERSION = 1;
				DEVELOPMENT_ASSET_PATHS = "\"ErplyAssignment/Preview Content\"";
				DEVELOPMENT_TEAM = Y3RYSU9BGS;
				ENABLE_PREVIEWS = YES;
				GENERATE_INFOPLIST_FILE = YES;
				INFOPLIST_KEY_UIApplicationSceneManifest_Generation = YES;
				INFOPLIST_KEY_UIApplicationSupportsIndirectInputEvents = YES;
				INFOPLIST_KEY_UILaunchScreen_Generation = YES;
				INFOPLIST_KEY_UISupportedInterfaceOrientations = UIInterfaceOrientationPortrait;
				IPHONEOS_DEPLOYMENT_TARGET = 15.0;
				LD_RUNPATH_SEARCH_PATHS = (
					"$(inherited)",
					"@executable_path/Frameworks",
				);
				MARKETING_VERSION = 1.0;
				PRODUCT_BUNDLE_IDENTIFIER = umerdeveloper.github.com.ErplyAssignment;
				PRODUCT_NAME = "$(TARGET_NAME)";
				SUPPORTED_PLATFORMS = "iphoneos iphonesimulator";
				SUPPORTS_MACCATALYST = NO;
				SUPPORTS_MAC_DESIGNED_FOR_IPHONE_IPAD = NO;
				SWIFT_EMIT_LOC_STRINGS = YES;
				SWIFT_VERSION = 5.0;
				TARGETED_DEVICE_FAMILY = 1;
			};
			name = Release;
		};
		CBF6B4B02A40D47D003D2124 /* Debug */ = {
			isa = XCBuildConfiguration;
			buildSettings = {
				ALWAYS_EMBED_SWIFT_STANDARD_LIBRARIES = YES;
				BUNDLE_LOADER = "$(TEST_HOST)";
				CODE_SIGN_STYLE = Automatic;
				CURRENT_PROJECT_VERSION = 1;
				DEVELOPMENT_TEAM = Y3RYSU9BGS;
				GENERATE_INFOPLIST_FILE = YES;
				IPHONEOS_DEPLOYMENT_TARGET = 16.4;
				MARKETING_VERSION = 1.0;
				PRODUCT_BUNDLE_IDENTIFIER = umerdeveloper.github.com.ErplyAssignmentTests;
				PRODUCT_NAME = "$(TARGET_NAME)";
				SWIFT_EMIT_LOC_STRINGS = NO;
				SWIFT_VERSION = 5.0;
				TARGETED_DEVICE_FAMILY = "1,2";
				TEST_HOST = "$(BUILT_PRODUCTS_DIR)/ErplyAssignment.app/$(BUNDLE_EXECUTABLE_FOLDER_PATH)/ErplyAssignment";
			};
			name = Debug;
		};
		CBF6B4B12A40D47D003D2124 /* Release */ = {
			isa = XCBuildConfiguration;
			buildSettings = {
				ALWAYS_EMBED_SWIFT_STANDARD_LIBRARIES = YES;
				BUNDLE_LOADER = "$(TEST_HOST)";
				CODE_SIGN_STYLE = Automatic;
				CURRENT_PROJECT_VERSION = 1;
				DEVELOPMENT_TEAM = Y3RYSU9BGS;
				GENERATE_INFOPLIST_FILE = YES;
				IPHONEOS_DEPLOYMENT_TARGET = 16.4;
				MARKETING_VERSION = 1.0;
				PRODUCT_BUNDLE_IDENTIFIER = umerdeveloper.github.com.ErplyAssignmentTests;
				PRODUCT_NAME = "$(TARGET_NAME)";
				SWIFT_EMIT_LOC_STRINGS = NO;
				SWIFT_VERSION = 5.0;
				TARGETED_DEVICE_FAMILY = "1,2";
				TEST_HOST = "$(BUILT_PRODUCTS_DIR)/ErplyAssignment.app/$(BUNDLE_EXECUTABLE_FOLDER_PATH)/ErplyAssignment";
			};
			name = Release;
		};
		CBF6B4B32A40D47D003D2124 /* Debug */ = {
			isa = XCBuildConfiguration;
			buildSettings = {
				ALWAYS_EMBED_SWIFT_STANDARD_LIBRARIES = YES;
				CODE_SIGN_STYLE = Automatic;
				CURRENT_PROJECT_VERSION = 1;
				DEVELOPMENT_TEAM = Y3RYSU9BGS;
				GENERATE_INFOPLIST_FILE = YES;
				MARKETING_VERSION = 1.0;
				PRODUCT_BUNDLE_IDENTIFIER = umerdeveloper.github.com.ErplyAssignmentUITests;
				PRODUCT_NAME = "$(TARGET_NAME)";
				SWIFT_EMIT_LOC_STRINGS = NO;
				SWIFT_VERSION = 5.0;
				TARGETED_DEVICE_FAMILY = "1,2";
				TEST_TARGET_NAME = ErplyAssignment;
			};
			name = Debug;
		};
		CBF6B4B42A40D47D003D2124 /* Release */ = {
			isa = XCBuildConfiguration;
			buildSettings = {
				ALWAYS_EMBED_SWIFT_STANDARD_LIBRARIES = YES;
				CODE_SIGN_STYLE = Automatic;
				CURRENT_PROJECT_VERSION = 1;
				DEVELOPMENT_TEAM = Y3RYSU9BGS;
				GENERATE_INFOPLIST_FILE = YES;
				MARKETING_VERSION = 1.0;
				PRODUCT_BUNDLE_IDENTIFIER = umerdeveloper.github.com.ErplyAssignmentUITests;
				PRODUCT_NAME = "$(TARGET_NAME)";
				SWIFT_EMIT_LOC_STRINGS = NO;
				SWIFT_VERSION = 5.0;
				TARGETED_DEVICE_FAMILY = "1,2";
				TEST_TARGET_NAME = ErplyAssignment;
			};
			name = Release;
		};
/* End XCBuildConfiguration section */

/* Begin XCConfigurationList section */
		CBF6B4832A40D47C003D2124 /* Build configuration list for PBXProject "ErplyAssignment" */ = {
			isa = XCConfigurationList;
			buildConfigurations = (
				CBF6B4AA2A40D47D003D2124 /* Debug */,
				CBF6B4AB2A40D47D003D2124 /* Release */,
			);
			defaultConfigurationIsVisible = 0;
			defaultConfigurationName = Release;
		};
		CBF6B4AC2A40D47D003D2124 /* Build configuration list for PBXNativeTarget "ErplyAssignment" */ = {
			isa = XCConfigurationList;
			buildConfigurations = (
				CBF6B4AD2A40D47D003D2124 /* Debug */,
				CBF6B4AE2A40D47D003D2124 /* Release */,
			);
			defaultConfigurationIsVisible = 0;
			defaultConfigurationName = Release;
		};
		CBF6B4AF2A40D47D003D2124 /* Build configuration list for PBXNativeTarget "ErplyAssignmentTests" */ = {
			isa = XCConfigurationList;
			buildConfigurations = (
				CBF6B4B02A40D47D003D2124 /* Debug */,
				CBF6B4B12A40D47D003D2124 /* Release */,
			);
			defaultConfigurationIsVisible = 0;
			defaultConfigurationName = Release;
		};
		CBF6B4B22A40D47D003D2124 /* Build configuration list for PBXNativeTarget "ErplyAssignmentUITests" */ = {
			isa = XCConfigurationList;
			buildConfigurations = (
				CBF6B4B32A40D47D003D2124 /* Debug */,
				CBF6B4B42A40D47D003D2124 /* Release */,
			);
			defaultConfigurationIsVisible = 0;
			defaultConfigurationName = Release;
		};
/* End XCConfigurationList section */
	};
	rootObject = CBF6B4802A40D47C003D2124 /* Project object */;
}
